
Microsoft Visual Studio Solution File, Format Version 12.00
# Visual Studio Version 17
VisualStudioVersion = 17.0.31903.59
MinimumVisualStudioVersion = 10.0.40219.1
Project("{2150E333-8FDC-42A3-9474-1A3956D46DE8}") = "src", "src", "{90A286FA-36C6-460B-83BC-14F7F061140A}"
EndProject
Project("{FAE04EC0-301F-11D3-BF4B-00C04F79EFBC}") = "BatchPasteTool", "src\BatchPasteTool\BatchPasteTool.csproj", "{542A8872-E7E7-407E-A026-42E6159B8C3C}"
EndProject
Global
	GlobalSection(SolutionConfigurationPlatforms) = preSolution
		Debug|Any CPU = Debug|Any CPU
		Release|Any CPU = Release|Any CPU
	EndGlobalSection
	GlobalSection(SolutionProperties) = preSolution
		HideSolutionNode = FALSE
	EndGlobalSection
	GlobalSection(ProjectConfigurationPlatforms) = postSolution
		{542A8872-E7E7-407E-A026-42E6159B8C3C}.Debug|Any CPU.ActiveCfg = Debug|Any CPU
		{542A8872-E7E7-407E-A026-42E6159B8C3C}.Debug|Any CPU.Build.0 = Debug|Any CPU
		{542A8872-E7E7-407E-A026-42E6159B8C3C}.Release|Any CPU.ActiveCfg = Release|Any CPU
		{542A8872-E7E7-407E-A026-42E6159B8C3C}.Release|Any CPU.Build.0 = Release|Any CPU
	EndGlobalSection
	GlobalSection(NestedProjects) = preSolution
		{542A8872-E7E7-407E-A026-42E6159B8C3C} = {90A286FA-36C6-460B-83BC-14F7F061140A}
	EndGlobalSection
EndGlobal
